
Microsoft Visual Studio Solution File, Format Version 12.00
# Visual Studio 15
VisualStudioVersion = 15.0.28010.2048
MinimumVisualStudioVersion = 10.0.40219.1
Project("{FAE04EC0-301F-11D3-BF4B-00C04F79EFBC}") = "ConsultarCep.Android", "ConsultarCep\ConsultarCep.Android\ConsultarCep.Android.csproj", "{8EF4F5C9-0497-430C-A67B-1F63E4DBCEB6}"
EndProject
Project("{FAE04EC0-301F-11D3-BF4B-00C04F79EFBC}") = "ConsultarCep.iOS", "ConsultarCep\ConsultarCep.iOS\ConsultarCep.iOS.csproj", "{DCFD003B-2AF9-41F9-B8C2-4CFCF8C39C59}"
EndProject
Project("{FAE04EC0-301F-11D3-BF4B-00C04F79EFBC}") = "ConsultarCep.UWP", "ConsultarCep\ConsultarCep.UWP\ConsultarCep.UWP.csproj", "{7E6296BB-5BDD-49F1-8CE0-F931DBED6ACE}"
EndProject
Project("{FAE04EC0-301F-11D3-BF4B-00C04F79EFBC}") = "ConsultarCep", "ConsultarCep\ConsultarCep\ConsultarCep.csproj", "{BB513858-79C6-425F-951A-988BB27743A7}"
EndProject
Global
	GlobalSection(SolutionConfigurationPlatforms) = preSolution
		Ad-Hoc|Any CPU = Ad-Hoc|Any CPU
		Ad-Hoc|ARM = Ad-Hoc|ARM
		Ad-Hoc|iPhone = Ad-Hoc|iPhone
		Ad-Hoc|iPhoneSimulator = Ad-Hoc|iPhoneSimulator
		Ad-Hoc|x64 = Ad-Hoc|x64
		Ad-Hoc|x86 = Ad-Hoc|x86
		AppStore|Any CPU = AppStore|Any CPU
		AppStore|ARM = AppStore|ARM
		AppStore|iPhone = AppStore|iPhone
		AppStore|iPhoneSimulator = AppStore|iPhoneSimulator
		AppStore|x64 = AppStore|x64
		AppStore|x86 = AppStore|x86
		Debug|Any CPU = Debug|Any CPU
		Debug|ARM = Debug|ARM
		Debug|iPhone = Debug|iPhone
		Debug|iPhoneSimulator = Debug|iPhoneSimulator
		Debug|x64 = Debug|x64
		Debug|x86 = Debug|x86
		Release|Any CPU = Release|Any CPU
		Release|ARM = Release|ARM
		Release|iPhone = Release|iPhone
		Release|iPhoneSimulator = Release|iPhoneSimulator
		Release|x64 = Release|x64
		Release|x86 = Release|x86
	EndGlobalSection
	GlobalSection(ProjectConfigurationPlatforms) = postSolution
		{8EF4F5C9-0497-430C-A67B-1F63E4DBCEB6}.Ad-Hoc|Any CPU.ActiveCfg = Release|Any CPU
		{8EF4F5C9-0497-430C-A67B-1F63E4DBCEB6}.Ad-Hoc|Any CPU.Build.0 = Release|Any CPU
		{8EF4F5C9-0497-430C-A67B-1F63E4DBCEB6}.Ad-Hoc|Any CPU.Deploy.0 = Release|Any CPU
		{8EF4F5C9-0497-430C-A67B-1F63E4DBCEB6}.Ad-Hoc|ARM.ActiveCfg = Release|Any CPU
		{8EF4F5C9-0497-430C-A67B-1F63E4DBCEB6}.Ad-Hoc|ARM.Build.0 = Release|Any CPU
		{8EF4F5C9-0497-430C-A67B-1F63E4DBCEB6}.Ad-Hoc|ARM.Deploy.0 = Release|Any CPU
		{8EF4F5C9-0497-430C-A67B-1F63E4DBCEB6}.Ad-Hoc|iPhone.ActiveCfg = Release|Any CPU
		{8EF4F5C9-0497-430C-A67B-1F63E4DBCEB6}.Ad-Hoc|iPhone.Build.0 = Release|Any CPU
		{8EF4F5C9-0497-430C-A67B-1F63E4DBCEB6}.Ad-Hoc|iPhone.Deploy.0 = Release|Any CPU
		{8EF4F5C9-0497-430C-A67B-1F63E4DBCEB6}.Ad-Hoc|iPhoneSimulator.ActiveCfg = Release|Any CPU
		{8EF4F5C9-0497-430C-A67B-1F63E4DBCEB6}.Ad-Hoc|iPhoneSimulator.Build.0 = Release|Any CPU
		{8EF4F5C9-0497-430C-A67B-1F63E4DBCEB6}.Ad-Hoc|iPhoneSimulator.Deploy.0 = Release|Any CPU
		{8EF4F5C9-0497-430C-A67B-1F63E4DBCEB6}.Ad-Hoc|x64.ActiveCfg = Release|Any CPU
		{8EF4F5C9-0497-430C-A67B-1F63E4DBCEB6}.Ad-Hoc|x64.Build.0 = Release|Any CPU
		{8EF4F5C9-0497-430C-A67B-1F63E4DBCEB6}.Ad-Hoc|x64.Deploy.0 = Release|Any CPU
		{8EF4F5C9-0497-430C-A67B-1F63E4DBCEB6}.Ad-Hoc|x86.ActiveCfg = Release|Any CPU
		{8EF4F5C9-0497-430C-A67B-1F63E4DBCEB6}.Ad-Hoc|x86.Build.0 = Release|Any CPU
		{8EF4F5C9-0497-430C-A67B-1F63E4DBCEB6}.Ad-Hoc|x86.Deploy.0 = Release|Any CPU
		{8EF4F5C9-0497-430C-A67B-1F63E4DBCEB6}.AppStore|Any CPU.ActiveCfg = Release|Any CPU
		{8EF4F5C9-0497-430C-A67B-1F63E4DBCEB6}.AppStore|Any CPU.Build.0 = Release|Any CPU
		{8EF4F5C9-0497-430C-A67B-1F63E4DBCEB6}.AppStore|Any CPU.Deploy.0 = Release|Any CPU
		{8EF4F5C9-0497-430C-A67B-1F63E4DBCEB6}.AppStore|ARM.ActiveCfg = Release|Any CPU
		{8EF4F5C9-0497-430C-A67B-1F63E4DBCEB6}.AppStore|ARM.Build.0 = Release|Any CPU
		{8EF4F5C9-0497-430C-A67B-1F63E4DBCEB6}.AppStore|ARM.Deploy.0 = Release|Any CPU
		{8EF4F5C9-0497-430C-A67B-1F63E4DBCEB6}.AppStore|iPhone.ActiveCfg = Release|Any CPU
		{8EF4F5C9-0497-430C-A67B-1F63E4DBCEB6}.AppStore|iPhone.Build.0 = Release|Any CPU
		{8EF4F5C9-0497-430C-A67B-1F63E4DBCEB6}.AppStore|iPhone.Deploy.0 = Release|Any CPU
		{8EF4F5C9-0497-430C-A67B-1F63E4DBCEB6}.AppStore|iPhoneSimulator.ActiveCfg = Release|Any CPU
		{8EF4F5C9-0497-430C-A67B-1F63E4DBCEB6}.AppStore|iPhoneSimulator.Build.0 = Release|Any CPU
		{8EF4F5C9-0497-430C-A67B-1F63E4DBCEB6}.AppStore|iPhoneSimulator.Deploy.0 = Release|Any CPU
		{8EF4F5C9-0497-430C-A67B-1F63E4DBCEB6}.AppStore|x64.ActiveCfg = Release|Any CPU
		{8EF4F5C9-0497-430C-A67B-1F63E4DBCEB6}.AppStore|x64.Build.0 = Release|Any CPU
		{8EF4F5C9-0497-430C-A67B-1F63E4DBCEB6}.AppStore|x64.Deploy.0 = Release|Any CPU
		{8EF4F5C9-0497-430C-A67B-1F63E4DBCEB6}.AppStore|x86.ActiveCfg = Release|Any CPU
		{8EF4F5C9-0497-430C-A67B-1F63E4DBCEB6}.AppStore|x86.Build.0 = Release|Any CPU
		{8EF4F5C9-0497-430C-A67B-1F63E4DBCEB6}.AppStore|x86.Deploy.0 = Release|Any CPU
		{8EF4F5C9-0497-430C-A67B-1F63E4DBCEB6}.Debug|Any CPU.ActiveCfg = Debug|Any CPU
		{8EF4F5C9-0497-430C-A67B-1F63E4DBCEB6}.Debug|Any CPU.Build.0 = Debug|Any CPU
		{8EF4F5C9-0497-430C-A67B-1F63E4DBCEB6}.Debug|Any CPU.Deploy.0 = Debug|Any CPU
		{8EF4F5C9-0497-430C-A67B-1F63E4DBCEB6}.Debug|ARM.ActiveCfg = Debug|Any CPU
		{8EF4F5C9-0497-430C-A67B-1F63E4DBCEB6}.Debug|ARM.Build.0 = Debug|Any CPU
		{8EF4F5C9-0497-430C-A67B-1F63E4DBCEB6}.Debug|ARM.Deploy.0 = Debug|Any CPU
		{8EF4F5C9-0497-430C-A67B-1F63E4DBCEB6}.Debug|iPhone.ActiveCfg = Debug|Any CPU
		{8EF4F5C9-0497-430C-A67B-1F63E4DBCEB6}.Debug|iPhone.Build.0 = Debug|Any CPU
		{8EF4F5C9-0497-430C-A67B-1F63E4DBCEB6}.Debug|iPhone.Deploy.0 = Debug|Any CPU
		{8EF4F5C9-0497-430C-A67B-1F63E4DBCEB6}.Debug|iPhoneSimulator.ActiveCfg = Debug|Any CPU
		{8EF4F5C9-0497-430C-A67B-1F63E4DBCEB6}.Debug|iPhoneSimulator.Build.0 = Debug|Any CPU
		{8EF4F5C9-0497-430C-A67B-1F63E4DBCEB6}.Debug|iPhoneSimulator.Deploy.0 = Debug|Any CPU
		{8EF4F5C9-0497-430C-A67B-1F63E4DBCEB6}.Debug|x64.ActiveCfg = Debug|Any CPU
		{8EF4F5C9-0497-430C-A67B-1F63E4DBCEB6}.Debug|x64.Build.0 = Debug|Any CPU
		{8EF4F5C9-0497-430C-A67B-1F63E4DBCEB6}.Debug|x64.Deploy.0 = Debug|Any CPU
		{8EF4F5C9-0497-430C-A67B-1F63E4DBCEB6}.Debug|x86.ActiveCfg = Debug|Any CPU
		{8EF4F5C9-0497-430C-A67B-1F63E4DBCEB6}.Debug|x86.Build.0 = Debug|Any CPU
		{8EF4F5C9-0497-430C-A67B-1F63E4DBCEB6}.Debug|x86.Deploy.0 = Debug|Any CPU
		{8EF4F5C9-0497-430C-A67B-1F63E4DBCEB6}.Release|Any CPU.ActiveCfg = Release|Any CPU
		{8EF4F5C9-0497-430C-A67B-1F63E4DBCEB6}.Release|Any CPU.Build.0 = Release|Any CPU
		{8EF4F5C9-0497-430C-A67B-1F63E4DBCEB6}.Release|Any CPU.Deploy.0 = Release|Any CPU
		{8EF4F5C9-0497-430C-A67B-1F63E4DBCEB6}.Release|ARM.ActiveCfg = Release|Any CPU
		{8EF4F5C9-0497-430C-A67B-1F63E4DBCEB6}.Release|ARM.Build.0 = Release|Any CPU
		{8EF4F5C9-0497-430C-A67B-1F63E4DBCEB6}.Release|ARM.Deploy.0 = Release|Any CPU
		{8EF4F5C9-0497-430C-A67B-1F63E4DBCEB6}.Release|iPhone.ActiveCfg = Release|Any CPU
		{8EF4F5C9-0497-430C-A67B-1F63E4DBCEB6}.Release|iPhone.Build.0 = Release|Any CPU
		{8EF4F5C9-0497-430C-A67B-1F63E4DBCEB6}.Release|iPhone.Deploy.0 = Release|Any CPU
		{8EF4F5C9-0497-430C-A67B-1F63E4DBCEB6}.Release|iPhoneSimulator.ActiveCfg = Release|Any CPU
		{8EF4F5C9-0497-430C-A67B-1F63E4DBCEB6}.Release|iPhoneSimulator.Build.0 = Release|Any CPU
		{8EF4F5C9-0497-430C-A67B-1F63E4DBCEB6}.Release|iPhoneSimulator.Deploy.0 = Release|Any CPU
		{8EF4F5C9-0497-430C-A67B-1F63E4DBCEB6}.Release|x64.ActiveCfg = Release|Any CPU
		{8EF4F5C9-0497-430C-A67B-1F63E4DBCEB6}.Release|x64.Build.0 = Release|Any CPU
		{8EF4F5C9-0497-430C-A67B-1F63E4DBCEB6}.Release|x64.Deploy.0 = Release|Any CPU
		{8EF4F5C9-0497-430C-A67B-1F63E4DBCEB6}.Release|x86.ActiveCfg = Release|Any CPU
		{8EF4F5C9-0497-430C-A67B-1F63E4DBCEB6}.Release|x86.Build.0 = Release|Any CPU
		{8EF4F5C9-0497-430C-A67B-1F63E4DBCEB6}.Release|x86.Deploy.0 = Release|Any CPU
		{DCFD003B-2AF9-41F9-B8C2-4CFCF8C39C59}.Ad-Hoc|Any CPU.ActiveCfg = Ad-Hoc|iPhone
		{DCFD003B-2AF9-41F9-B8C2-4CFCF8C39C59}.Ad-Hoc|Any CPU.Build.0 = Ad-Hoc|iPhone
		{DCFD003B-2AF9-41F9-B8C2-4CFCF8C39C59}.Ad-Hoc|Any CPU.Deploy.0 = Ad-Hoc|iPhone
		{DCFD003B-2AF9-41F9-B8C2-4CFCF8C39C59}.Ad-Hoc|ARM.ActiveCfg = Ad-Hoc|iPhone
		{DCFD003B-2AF9-41F9-B8C2-4CFCF8C39C59}.Ad-Hoc|ARM.Build.0 = Ad-Hoc|iPhone
		{DCFD003B-2AF9-41F9-B8C2-4CFCF8C39C59}.Ad-Hoc|ARM.Deploy.0 = Ad-Hoc|iPhone
		{DCFD003B-2AF9-41F9-B8C2-4CFCF8C39C59}.Ad-Hoc|iPhone.ActiveCfg = Ad-Hoc|iPhone
		{DCFD003B-2AF9-41F9-B8C2-4CFCF8C39C59}.Ad-Hoc|iPhone.Build.0 = Ad-Hoc|iPhone
		{DCFD003B-2AF9-41F9-B8C2-4CFCF8C39C59}.Ad-Hoc|iPhone.Deploy.0 = Ad-Hoc|iPhone
		{DCFD003B-2AF9-41F9-B8C2-4CFCF8C39C59}.Ad-Hoc|iPhoneSimulator.ActiveCfg = Ad-Hoc|iPhoneSimulator
		{DCFD003B-2AF9-41F9-B8C2-4CFCF8C39C59}.Ad-Hoc|iPhoneSimulator.Build.0 = Ad-Hoc|iPhoneSimulator
		{DCFD003B-2AF9-41F9-B8C2-4CFCF8C39C59}.Ad-Hoc|iPhoneSimulator.Deploy.0 = Ad-Hoc|iPhoneSimulator
		{DCFD003B-2AF9-41F9-B8C2-4CFCF8C39C59}.Ad-Hoc|x64.ActiveCfg = Ad-Hoc|iPhone
		{DCFD003B-2AF9-41F9-B8C2-4CFCF8C39C59}.Ad-Hoc|x64.Build.0 = Ad-Hoc|iPhone
		{DCFD003B-2AF9-41F9-B8C2-4CFCF8C39C59}.Ad-Hoc|x64.Deploy.0 = Ad-Hoc|iPhone
		{DCFD003B-2AF9-41F9-B8C2-4CFCF8C39C59}.Ad-Hoc|x86.ActiveCfg = Ad-Hoc|iPhone
		{DCFD003B-2AF9-41F9-B8C2-4CFCF8C39C59}.Ad-Hoc|x86.Build.0 = Ad-Hoc|iPhone
		{DCFD003B-2AF9-41F9-B8C2-4CFCF8C39C59}.Ad-Hoc|x86.Deploy.0 = Ad-Hoc|iPhone
		{DCFD003B-2AF9-41F9-B8C2-4CFCF8C39C59}.AppStore|Any CPU.ActiveCfg = AppStore|iPhone
		{DCFD003B-2AF9-41F9-B8C2-4CFCF8C39C59}.AppStore|Any CPU.Build.0 = AppStore|iPhone
		{DCFD003B-2AF9-41F9-B8C2-4CFCF8C39C59}.AppStore|Any CPU.Deploy.0 = AppStore|iPhone
		{DCFD003B-2AF9-41F9-B8C2-4CFCF8C39C59}.AppStore|ARM.ActiveCfg = AppStore|iPhone
		{DCFD003B-2AF9-41F9-B8C2-4CFCF8C39C59}.AppStore|ARM.Build.0 = AppStore|iPhone
		{DCFD003B-2AF9-41F9-B8C2-4CFCF8C39C59}.AppStore|ARM.Deploy.0 = AppStore|iPhone
		{DCFD003B-2AF9-41F9-B8C2-4CFCF8C39C59}.AppStore|iPhone.ActiveCfg = AppStore|iPhone
		{DCFD003B-2AF9-41F9-B8C2-4CFCF8C39C59}.AppStore|iPhone.Build.0 = AppStore|iPhone
		{DCFD003B-2AF9-41F9-B8C2-4CFCF8C39C59}.AppStore|iPhone.Deploy.0 = AppStore|iPhone
		{DCFD003B-2AF9-41F9-B8C2-4CFCF8C39C59}.AppStore|iPhoneSimulator.ActiveCfg = AppStore|iPhoneSimulator
		{DCFD003B-2AF9-41F9-B8C2-4CFCF8C39C59}.AppStore|iPhoneSimulator.Build.0 = AppStore|iPhoneSimulator
		{DCFD003B-2AF9-41F9-B8C2-4CFCF8C39C59}.AppStore|iPhoneSimulator.Deploy.0 = AppStore|iPhoneSimulator
		{DCFD003B-2AF9-41F9-B8C2-4CFCF8C39C59}.AppStore|x64.ActiveCfg = AppStore|iPhone
		{DCFD003B-2AF9-41F9-B8C2-4CFCF8C39C59}.AppStore|x64.Build.0 = AppStore|iPhone
		{DCFD003B-2AF9-41F9-B8C2-4CFCF8C39C59}.AppStore|x64.Deploy.0 = AppStore|iPhone
		{DCFD003B-2AF9-41F9-B8C2-4CFCF8C39C59}.AppStore|x86.ActiveCfg = AppStore|iPhone
		{DCFD003B-2AF9-41F9-B8C2-4CFCF8C39C59}.AppStore|x86.Build.0 = AppStore|iPhone
		{DCFD003B-2AF9-41F9-B8C2-4CFCF8C39C59}.AppStore|x86.Deploy.0 = AppStore|iPhone
		{DCFD003B-2AF9-41F9-B8C2-4CFCF8C39C59}.Debug|Any CPU.ActiveCfg = Debug|iPhoneSimulator
		{DCFD003B-2AF9-41F9-B8C2-4CFCF8C39C59}.Debug|Any CPU.Build.0 = Debug|iPhoneSimulator
		{DCFD003B-2AF9-41F9-B8C2-4CFCF8C39C59}.Debug|Any CPU.Deploy.0 = Debug|iPhoneSimulator
		{DCFD003B-2AF9-41F9-B8C2-4CFCF8C39C59}.Debug|ARM.ActiveCfg = Debug|iPhone
		{DCFD003B-2AF9-41F9-B8C2-4CFCF8C39C59}.Debug|ARM.Build.0 = Debug|iPhone
		{DCFD003B-2AF9-41F9-B8C2-4CFCF8C39C59}.Debug|ARM.Deploy.0 = Debug|iPhone
		{DCFD003B-2AF9-41F9-B8C2-4CFCF8C39C59}.Debug|iPhone.ActiveCfg = Debug|iPhone
		{DCFD003B-2AF9-41F9-B8C2-4CFCF8C39C59}.Debug|iPhone.Build.0 = Debug|iPhone
		{DCFD003B-2AF9-41F9-B8C2-4CFCF8C39C59}.Debug|iPhone.Deploy.0 = Debug|iPhone
		{DCFD003B-2AF9-41F9-B8C2-4CFCF8C39C59}.Debug|iPhoneSimulator.ActiveCfg = Debug|iPhoneSimulator
		{DCFD003B-2AF9-41F9-B8C2-4CFCF8C39C59}.Debug|iPhoneSimulator.Build.0 = Debug|iPhoneSimulator
		{DCFD003B-2AF9-41F9-B8C2-4CFCF8C39C59}.Debug|iPhoneSimulator.Deploy.0 = Debug|iPhoneSimulator
		{DCFD003B-2AF9-41F9-B8C2-4CFCF8C39C59}.Debug|x64.ActiveCfg = Debug|iPhone
		{DCFD003B-2AF9-41F9-B8C2-4CFCF8C39C59}.Debug|x64.Build.0 = Debug|iPhone
		{DCFD003B-2AF9-41F9-B8C2-4CFCF8C39C59}.Debug|x64.Deploy.0 = Debug|iPhone
		{DCFD003B-2AF9-41F9-B8C2-4CFCF8C39C59}.Debug|x86.ActiveCfg = Debug|iPhone
		{DCFD003B-2AF9-41F9-B8C2-4CFCF8C39C59}.Debug|x86.Build.0 = Debug|iPhone
		{DCFD003B-2AF9-41F9-B8C2-4CFCF8C39C59}.Debug|x86.Deploy.0 = Debug|iPhone
		{DCFD003B-2AF9-41F9-B8C2-4CFCF8C39C59}.Release|Any CPU.ActiveCfg = Release|iPhone
		{DCFD003B-2AF9-41F9-B8C2-4CFCF8C39C59}.Release|Any CPU.Build.0 = Release|iPhone
		{DCFD003B-2AF9-41F9-B8C2-4CFCF8C39C59}.Release|Any CPU.Deploy.0 = Release|iPhone
		{DCFD003B-2AF9-41F9-B8C2-4CFCF8C39C59}.Release|ARM.ActiveCfg = Release|iPhone
		{DCFD003B-2AF9-41F9-B8C2-4CFCF8C39C59}.Release|ARM.Build.0 = Release|iPhone
		{DCFD003B-2AF9-41F9-B8C2-4CFCF8C39C59}.Release|ARM.Deploy.0 = Release|iPhone
		{DCFD003B-2AF9-41F9-B8C2-4CFCF8C39C59}.Release|iPhone.ActiveCfg = Release|iPhone
		{DCFD003B-2AF9-41F9-B8C2-4CFCF8C39C59}.Release|iPhone.Build.0 = Release|iPhone
		{DCFD003B-2AF9-41F9-B8C2-4CFCF8C39C59}.Release|iPhone.Deploy.0 = Release|iPhone
		{DCFD003B-2AF9-41F9-B8C2-4CFCF8C39C59}.Release|iPhoneSimulator.ActiveCfg = Release|iPhoneSimulator
		{DCFD003B-2AF9-41F9-B8C2-4CFCF8C39C59}.Release|iPhoneSimulator.Build.0 = Release|iPhoneSimulator
		{DCFD003B-2AF9-41F9-B8C2-4CFCF8C39C59}.Release|iPhoneSimulator.Deploy.0 = Release|iPhoneSimulator
		{DCFD003B-2AF9-41F9-B8C2-4CFCF8C39C59}.Release|x64.ActiveCfg = Release|iPhone
		{DCFD003B-2AF9-41F9-B8C2-4CFCF8C39C59}.Release|x64.Build.0 = Release|iPhone
		{DCFD003B-2AF9-41F9-B8C2-4CFCF8C39C59}.Release|x64.Deploy.0 = Release|iPhone
		{DCFD003B-2AF9-41F9-B8C2-4CFCF8C39C59}.Release|x86.ActiveCfg = Release|iPhone
		{DCFD003B-2AF9-41F9-B8C2-4CFCF8C39C59}.Release|x86.Build.0 = Release|iPhone
		{DCFD003B-2AF9-41F9-B8C2-4CFCF8C39C59}.Release|x86.Deploy.0 = Release|iPhone
		{7E6296BB-5BDD-49F1-8CE0-F931DBED6ACE}.Ad-Hoc|Any CPU.ActiveCfg = Release|x86
		{7E6296BB-5BDD-49F1-8CE0-F931DBED6ACE}.Ad-Hoc|Any CPU.Build.0 = Release|x86
		{7E6296BB-5BDD-49F1-8CE0-F931DBED6ACE}.Ad-Hoc|Any CPU.Deploy.0 = Release|x86
		{7E6296BB-5BDD-49F1-8CE0-F931DBED6ACE}.Ad-Hoc|ARM.ActiveCfg = Release|ARM
		{7E6296BB-5BDD-49F1-8CE0-F931DBED6ACE}.Ad-Hoc|ARM.Build.0 = Release|ARM
		{7E6296BB-5BDD-49F1-8CE0-F931DBED6ACE}.Ad-Hoc|ARM.Deploy.0 = Release|ARM
		{7E6296BB-5BDD-49F1-8CE0-F931DBED6ACE}.Ad-Hoc|iPhone.ActiveCfg = Release|x86
		{7E6296BB-5BDD-49F1-8CE0-F931DBED6ACE}.Ad-Hoc|iPhone.Build.0 = Release|x86
		{7E6296BB-5BDD-49F1-8CE0-F931DBED6ACE}.Ad-Hoc|iPhone.Deploy.0 = Release|x86
		{7E6296BB-5BDD-49F1-8CE0-F931DBED6ACE}.Ad-Hoc|iPhoneSimulator.ActiveCfg = Release|x86
		{7E6296BB-5BDD-49F1-8CE0-F931DBED6ACE}.Ad-Hoc|iPhoneSimulator.Build.0 = Release|x86
		{7E6296BB-5BDD-49F1-8CE0-F931DBED6ACE}.Ad-Hoc|iPhoneSimulator.Deploy.0 = Release|x86
		{7E6296BB-5BDD-49F1-8CE0-F931DBED6ACE}.Ad-Hoc|x64.ActiveCfg = Release|x64
		{7E6296BB-5BDD-49F1-8CE0-F931DBED6ACE}.Ad-Hoc|x64.Build.0 = Release|x64
		{7E6296BB-5BDD-49F1-8CE0-F931DBED6ACE}.Ad-Hoc|x64.Deploy.0 = Release|x64
		{7E6296BB-5BDD-49F1-8CE0-F931DBED6ACE}.Ad-Hoc|x86.ActiveCfg = Release|x86
		{7E6296BB-5BDD-49F1-8CE0-F931DBED6ACE}.Ad-Hoc|x86.Build.0 = Release|x86
		{7E6296BB-5BDD-49F1-8CE0-F931DBED6ACE}.Ad-Hoc|x86.Deploy.0 = Release|x86
		{7E6296BB-5BDD-49F1-8CE0-F931DBED6ACE}.AppStore|Any CPU.ActiveCfg = Release|x86
		{7E6296BB-5BDD-49F1-8CE0-F931DBED6ACE}.AppStore|Any CPU.Build.0 = Release|x86
		{7E6296BB-5BDD-49F1-8CE0-F931DBED6ACE}.AppStore|Any CPU.Deploy.0 = Release|x86
		{7E6296BB-5BDD-49F1-8CE0-F931DBED6ACE}.AppStore|ARM.ActiveCfg = Release|ARM
		{7E6296BB-5BDD-49F1-8CE0-F931DBED6ACE}.AppStore|ARM.Build.0 = Release|ARM
		{7E6296BB-5BDD-49F1-8CE0-F931DBED6ACE}.AppStore|ARM.Deploy.0 = Release|ARM
		{7E6296BB-5BDD-49F1-8CE0-F931DBED6ACE}.AppStore|iPhone.ActiveCfg = Release|x86
		{7E6296BB-5BDD-49F1-8CE0-F931DBED6ACE}.AppStore|iPhone.Build.0 = Release|x86
		{7E6296BB-5BDD-49F1-8CE0-F931DBED6ACE}.AppStore|iPhone.Deploy.0 = Release|x86
		{7E6296BB-5BDD-49F1-8CE0-F931DBED6ACE}.AppStore|iPhoneSimulator.ActiveCfg = Release|x86
		{7E6296BB-5BDD-49F1-8CE0-F931DBED6ACE}.AppStore|iPhoneSimulator.Build.0 = Release|x86
		{7E6296BB-5BDD-49F1-8CE0-F931DBED6ACE}.AppStore|iPhoneSimulator.Deploy.0 = Release|x86
		{7E6296BB-5BDD-49F1-8CE0-F931DBED6ACE}.AppStore|x64.ActiveCfg = Release|x64
		{7E6296BB-5BDD-49F1-8CE0-F931DBED6ACE}.AppStore|x64.Build.0 = Release|x64
		{7E6296BB-5BDD-49F1-8CE0-F931DBED6ACE}.AppStore|x64.Deploy.0 = Release|x64
		{7E6296BB-5BDD-49F1-8CE0-F931DBED6ACE}.AppStore|x86.ActiveCfg = Release|x86
		{7E6296BB-5BDD-49F1-8CE0-F931DBED6ACE}.AppStore|x86.Build.0 = Release|x86
		{7E6296BB-5BDD-49F1-8CE0-F931DBED6ACE}.AppStore|x86.Deploy.0 = Release|x86
		{7E6296BB-5BDD-49F1-8CE0-F931DBED6ACE}.Debug|Any CPU.ActiveCfg = Debug|x86
		{7E6296BB-5BDD-49F1-8CE0-F931DBED6ACE}.Debug|Any CPU.Build.0 = Debug|x86
		{7E6296BB-5BDD-49F1-8CE0-F931DBED6ACE}.Debug|Any CPU.Deploy.0 = Debug|x86
		{7E6296BB-5BDD-49F1-8CE0-F931DBED6ACE}.Debug|ARM.ActiveCfg = Debug|ARM
		{7E6296BB-5BDD-49F1-8CE0-F931DBED6ACE}.Debug|ARM.Build.0 = Debug|ARM
		{7E6296BB-5BDD-49F1-8CE0-F931DBED6ACE}.Debug|ARM.Deploy.0 = Debug|ARM
		{7E6296BB-5BDD-49F1-8CE0-F931DBED6ACE}.Debug|iPhone.ActiveCfg = Debug|x86
		{7E6296BB-5BDD-49F1-8CE0-F931DBED6ACE}.Debug|iPhone.Build.0 = Debug|x86
		{7E6296BB-5BDD-49F1-8CE0-F931DBED6ACE}.Debug|iPhone.Deploy.0 = Debug|x86
		{7E6296BB-5BDD-49F1-8CE0-F931DBED6ACE}.Debug|iPhoneSimulator.ActiveCfg = Debug|x86
		{7E6296BB-5BDD-49F1-8CE0-F931DBED6ACE}.Debug|iPhoneSimulator.Build.0 = Debug|x86
		{7E6296BB-5BDD-49F1-8CE0-F931DBED6ACE}.Debug|iPhoneSimulator.Deploy.0 = Debug|x86
		{7E6296BB-5BDD-49F1-8CE0-F931DBED6ACE}.Debug|x64.ActiveCfg = Debug|x64
		{7E6296BB-5BDD-49F1-8CE0-F931DBED6ACE}.Debug|x64.Build.0 = Debug|x64
		{7E6296BB-5BDD-49F1-8CE0-F931DBED6ACE}.Debug|x64.Deploy.0 = Debug|x64
		{7E6296BB-5BDD-49F1-8CE0-F931DBED6ACE}.Debug|x86.ActiveCfg = Debug|x86
		{7E6296BB-5BDD-49F1-8CE0-F931DBED6ACE}.Debug|x86.Build.0 = Debug|x86
		{7E6296BB-5BDD-49F1-8CE0-F931DBED6ACE}.Debug|x86.Deploy.0 = Debug|x86
		{7E6296BB-5BDD-49F1-8CE0-F931DBED6ACE}.Release|Any CPU.ActiveCfg = Release|x86
		{7E6296BB-5BDD-49F1-8CE0-F931DBED6ACE}.Release|Any CPU.Build.0 = Release|x86
		{7E6296BB-5BDD-49F1-8CE0-F931DBED6ACE}.Release|Any CPU.Deploy.0 = Release|x86
		{7E6296BB-5BDD-49F1-8CE0-F931DBED6ACE}.Release|ARM.ActiveCfg = Release|ARM
		{7E6296BB-5BDD-49F1-8CE0-F931DBED6ACE}.Release|ARM.Build.0 = Release|ARM
		{7E6296BB-5BDD-49F1-8CE0-F931DBED6ACE}.Release|ARM.Deploy.0 = Release|ARM
		{7E6296BB-5BDD-49F1-8CE0-F931DBED6ACE}.Release|iPhone.ActiveCfg = Release|x86
		{7E6296BB-5BDD-49F1-8CE0-F931DBED6ACE}.Release|iPhone.Build.0 = Release|x86
		{7E6296BB-5BDD-49F1-8CE0-F931DBED6ACE}.Release|iPhone.Deploy.0 = Release|x86
		{7E6296BB-5BDD-49F1-8CE0-F931DBED6ACE}.Release|iPhoneSimulator.ActiveCfg = Release|x86
		{7E6296BB-5BDD-49F1-8CE0-F931DBED6ACE}.Release|iPhoneSimulator.Build.0 = Release|x86
		{7E6296BB-5BDD-49F1-8CE0-F931DBED6ACE}.Release|iPhoneSimulator.Deploy.0 = Release|x86
		{7E6296BB-5BDD-49F1-8CE0-F931DBED6ACE}.Release|x64.ActiveCfg = Release|x64
		{7E6296BB-5BDD-49F1-8CE0-F931DBED6ACE}.Release|x64.Build.0 = Release|x64
		{7E6296BB-5BDD-49F1-8CE0-F931DBED6ACE}.Release|x64.Deploy.0 = Release|x64
		{7E6296BB-5BDD-49F1-8CE0-F931DBED6ACE}.Release|x86.ActiveCfg = Release|x86
		{7E6296BB-5BDD-49F1-8CE0-F931DBED6ACE}.Release|x86.Build.0 = Release|x86
		{7E6296BB-5BDD-49F1-8CE0-F931DBED6ACE}.Release|x86.Deploy.0 = Release|x86
		{BB513858-79C6-425F-951A-988BB27743A7}.Ad-Hoc|Any CPU.ActiveCfg = Debug|Any CPU
		{BB513858-79C6-425F-951A-988BB27743A7}.Ad-Hoc|Any CPU.Build.0 = Debug|Any CPU
		{BB513858-79C6-425F-951A-988BB27743A7}.Ad-Hoc|Any CPU.Deploy.0 = Debug|Any CPU
		{BB513858-79C6-425F-951A-988BB27743A7}.Ad-Hoc|ARM.ActiveCfg = Debug|Any CPU
		{BB513858-79C6-425F-951A-988BB27743A7}.Ad-Hoc|ARM.Build.0 = Debug|Any CPU
		{BB513858-79C6-425F-951A-988BB27743A7}.Ad-Hoc|ARM.Deploy.0 = Debug|Any CPU
		{BB513858-79C6-425F-951A-988BB27743A7}.Ad-Hoc|iPhone.ActiveCfg = Debug|Any CPU
		{BB513858-79C6-425F-951A-988BB27743A7}.Ad-Hoc|iPhone.Build.0 = Debug|Any CPU
		{BB513858-79C6-425F-951A-988BB27743A7}.Ad-Hoc|iPhone.Deploy.0 = Debug|Any CPU
		{BB513858-79C6-425F-951A-988BB27743A7}.Ad-Hoc|iPhoneSimulator.ActiveCfg = Debug|Any CPU
		{BB513858-79C6-425F-951A-988BB27743A7}.Ad-Hoc|iPhoneSimulator.Build.0 = Debug|Any CPU
		{BB513858-79C6-425F-951A-988BB27743A7}.Ad-Hoc|iPhoneSimulator.Deploy.0 = Debug|Any CPU
		{BB513858-79C6-425F-951A-988BB27743A7}.Ad-Hoc|x64.ActiveCfg = Debug|Any CPU
		{BB513858-79C6-425F-951A-988BB27743A7}.Ad-Hoc|x64.Build.0 = Debug|Any CPU
		{BB513858-79C6-425F-951A-988BB27743A7}.Ad-Hoc|x64.Deploy.0 = Debug|Any CPU
		{BB513858-79C6-425F-951A-988BB27743A7}.Ad-Hoc|x86.ActiveCfg = Debug|Any CPU
		{BB513858-79C6-425F-951A-988BB27743A7}.Ad-Hoc|x86.Build.0 = Debug|Any CPU
		{BB513858-79C6-425F-951A-988BB27743A7}.Ad-Hoc|x86.Deploy.0 = Debug|Any CPU
		{BB513858-79C6-425F-951A-988BB27743A7}.AppStore|Any CPU.ActiveCfg = Debug|Any CPU
		{BB513858-79C6-425F-951A-988BB27743A7}.AppStore|Any CPU.Build.0 = Debug|Any CPU
		{BB513858-79C6-425F-951A-988BB27743A7}.AppStore|Any CPU.Deploy.0 = Debug|Any CPU
		{BB513858-79C6-425F-951A-988BB27743A7}.AppStore|ARM.ActiveCfg = Debug|Any CPU
		{BB513858-79C6-425F-951A-988BB27743A7}.AppStore|ARM.Build.0 = Debug|Any CPU
		{BB513858-79C6-425F-951A-988BB27743A7}.AppStore|ARM.Deploy.0 = Debug|Any CPU
		{BB513858-79C6-425F-951A-988BB27743A7}.AppStore|iPhone.ActiveCfg = Debug|Any CPU
		{BB513858-79C6-425F-951A-988BB27743A7}.AppStore|iPhone.Build.0 = Debug|Any CPU
		{BB513858-79C6-425F-951A-988BB27743A7}.AppStore|iPhone.Deploy.0 = Debug|Any CPU
		{BB513858-79C6-425F-951A-988BB27743A7}.AppStore|iPhoneSimulator.ActiveCfg = Debug|Any CPU
		{BB513858-79C6-425F-951A-988BB27743A7}.AppStore|iPhoneSimulator.Build.0 = Debug|Any CPU
		{BB513858-79C6-425F-951A-988BB27743A7}.AppStore|iPhoneSimulator.Deploy.0 = Debug|Any CPU
		{BB513858-79C6-425F-951A-988BB27743A7}.AppStore|x64.ActiveCfg = Debug|Any CPU
		{BB513858-79C6-425F-951A-988BB27743A7}.AppStore|x64.Build.0 = Debug|Any CPU
		{BB513858-79C6-425F-951A-988BB27743A7}.AppStore|x64.Deploy.0 = Debug|Any CPU
		{BB513858-79C6-425F-951A-988BB27743A7}.AppStore|x86.ActiveCfg = Debug|Any CPU
		{BB513858-79C6-425F-951A-988BB27743A7}.AppStore|x86.Build.0 = Debug|Any CPU
		{BB513858-79C6-425F-951A-988BB27743A7}.AppStore|x86.Deploy.0 = Debug|Any CPU
		{BB513858-79C6-425F-951A-988BB27743A7}.Debug|Any CPU.ActiveCfg = Debug|Any CPU
		{BB513858-79C6-425F-951A-988BB27743A7}.Debug|Any CPU.Build.0 = Debug|Any CPU
		{BB513858-79C6-425F-951A-988BB27743A7}.Debug|Any CPU.Deploy.0 = Debug|Any CPU
		{BB513858-79C6-425F-951A-988BB27743A7}.Debug|ARM.ActiveCfg = Debug|Any CPU
		{BB513858-79C6-425F-951A-988BB27743A7}.Debug|ARM.Build.0 = Debug|Any CPU
		{BB513858-79C6-425F-951A-988BB27743A7}.Debug|ARM.Deploy.0 = Debug|Any CPU
		{BB513858-79C6-425F-951A-988BB27743A7}.Debug|iPhone.ActiveCfg = Debug|Any CPU
		{BB513858-79C6-425F-951A-988BB27743A7}.Debug|iPhone.Build.0 = Debug|Any CPU
		{BB513858-79C6-425F-951A-988BB27743A7}.Debug|iPhone.Deploy.0 = Debug|Any CPU
		{BB513858-79C6-425F-951A-988BB27743A7}.Debug|iPhoneSimulator.ActiveCfg = Debug|Any CPU
		{BB513858-79C6-425F-951A-988BB27743A7}.Debug|iPhoneSimulator.Build.0 = Debug|Any CPU
		{BB513858-79C6-425F-951A-988BB27743A7}.Debug|iPhoneSimulator.Deploy.0 = Debug|Any CPU
		{BB513858-79C6-425F-951A-988BB27743A7}.Debug|x64.ActiveCfg = Debug|Any CPU
		{BB513858-79C6-425F-951A-988BB27743A7}.Debug|x64.Build.0 = Debug|Any CPU
		{BB513858-79C6-425F-951A-988BB27743A7}.Debug|x64.Deploy.0 = Debug|Any CPU
		{BB513858-79C6-425F-951A-988BB27743A7}.Debug|x86.ActiveCfg = Debug|Any CPU
		{BB513858-79C6-425F-951A-988BB27743A7}.Debug|x86.Build.0 = Debug|Any CPU
		{BB513858-79C6-425F-951A-988BB27743A7}.Debug|x86.Deploy.0 = Debug|Any CPU
		{BB513858-79C6-425F-951A-988BB27743A7}.Release|Any CPU.ActiveCfg = Release|Any CPU
		{BB513858-79C6-425F-951A-988BB27743A7}.Release|Any CPU.Build.0 = Release|Any CPU
		{BB513858-79C6-425F-951A-988BB27743A7}.Release|Any CPU.Deploy.0 = Release|Any CPU
		{BB513858-79C6-425F-951A-988BB27743A7}.Release|ARM.ActiveCfg = Release|Any CPU
		{BB513858-79C6-425F-951A-988BB27743A7}.Release|ARM.Build.0 = Release|Any CPU
		{BB513858-79C6-425F-951A-988BB27743A7}.Release|ARM.Deploy.0 = Release|Any CPU
		{BB513858-79C6-425F-951A-988BB27743A7}.Release|iPhone.ActiveCfg = Release|Any CPU
		{BB513858-79C6-425F-951A-988BB27743A7}.Release|iPhone.Build.0 = Release|Any CPU
		{BB513858-79C6-425F-951A-988BB27743A7}.Release|iPhone.Deploy.0 = Release|Any CPU
		{BB513858-79C6-425F-951A-988BB27743A7}.Release|iPhoneSimulator.ActiveCfg = Release|Any CPU
		{BB513858-79C6-425F-951A-988BB27743A7}.Release|iPhoneSimulator.Build.0 = Release|Any CPU
		{BB513858-79C6-425F-951A-988BB27743A7}.Release|iPhoneSimulator.Deploy.0 = Release|Any CPU
		{BB513858-79C6-425F-951A-988BB27743A7}.Release|x64.ActiveCfg = Release|Any CPU
		{BB513858-79C6-425F-951A-988BB27743A7}.Release|x64.Build.0 = Release|Any CPU
		{BB513858-79C6-425F-951A-988BB27743A7}.Release|x64.Deploy.0 = Release|Any CPU
		{BB513858-79C6-425F-951A-988BB27743A7}.Release|x86.ActiveCfg = Release|Any CPU
		{BB513858-79C6-425F-951A-988BB27743A7}.Release|x86.Build.0 = Release|Any CPU
		{BB513858-79C6-425F-951A-988BB27743A7}.Release|x86.Deploy.0 = Release|Any CPU
	EndGlobalSection
	GlobalSection(SolutionProperties) = preSolution
		HideSolutionNode = FALSE
	EndGlobalSection
	GlobalSection(ExtensibilityGlobals) = postSolution
		SolutionGuid = {C46186A4-EB56-4955-8DE2-223EBDC2876A}
	EndGlobalSection
EndGlobal
